
Microsoft Visual Studio Solution File, Format Version 12.00
Project("{FAE04EC0-301F-11D3-BF4B-00C04F79EFBC}") = "ConsoleTest", "ConsoleTest.csproj", "{6EB6A554-5FF2-418B-A281-39BAED780EAC}"
EndProject
Global
	GlobalSection(SolutionConfigurationPlatforms) = preSolution
		Debug|Any CPU = Debug|Any CPU
		Release|Any CPU = Release|Any CPU
	EndGlobalSection
	GlobalSection(ProjectConfigurationPlatforms) = postSolution
		{6EB6A554-5FF2-418B-A281-39BAED780EAC}.Debug|Any CPU.ActiveCfg = Debug|Any CPU
		{6EB6A554-5FF2-418B-A281-39BAED780EAC}.Debug|Any CPU.Build.0 = Debug|Any CPU
		{6EB6A554-5FF2-418B-A281-39BAED780EAC}.Release|Any CPU.ActiveCfg = Release|Any CPU
		{6EB6A554-5FF2-418B-A281-39BAED780EAC}.Release|Any CPU.Build.0 = Release|Any CPU
	EndGlobalSection
EndGlobal
